{
  "name": "solar-system",
  "lockfileVersion": 3,
  "requires": true,
  "packages": {
    "": {
      "dependencies": {
        "@picovoice/picovoice-web": "^3.0.3",
        "@picovoice/web-voice-processor": "^4.0.9",
        "dotenv": "^17.2.3",
        "node-fetch": "^3.3.2"
      }
    },
    "node_modules/@picovoice/picovoice-web": {
      "version": "3.0.3",
      "resolved": "https://registry.npmjs.org/@picovoice/picovoice-web/-/picovoice-web-3.0.3.tgz",
      "integrity": "sha512-m8EBs/U0EBh8dBWKqxk+wCkJfn2w/+A1a08opxuvHZccZJzEA6Lm7rQQmJDS2ApvD+wH50RAHT/q7Mt7L7o5Yw==",
      "deprecated": "Package no longer supported. Contact Support at https://www.npmjs.com/support for more info.",
      "license": "Apache-2.0",
      "dependencies": {
        "@picovoice/porcupine-web": "=3.0.3",
        "@picovoice/rhino-web": "=3.0.3",
        "@picovoice/web-utils": "=1.3.1"
      },
      "engines": {
        "node": ">=16"
      }
    },
    "node_modules/@picovoice/porcupine-web": {
      "version": "3.0.3",
      "resolved": "https://registry.npmjs.org/@picovoice/porcupine-web/-/porcupine-web-3.0.3.tgz",
      "integrity": "sha512-xVFR0TO0FwM/pumxMxevP550yj9JFlmJuaFgT0CHXjtsInqBrBTZHdJDoj8f5qTHZ4khffh1lW4kiPYf2g8dBQ==",
      "license": "Apache-2.0",
      "dependencies": {
        "@picovoice/web-utils": "=1.3.1"
      },
      "engines": {
        "node": ">=16"
      }
    },
    "node_modules/@picovoice/rhino-web": {
      "version": "3.0.3",
      "resolved": "https://registry.npmjs.org/@picovoice/rhino-web/-/rhino-web-3.0.3.tgz",
      "integrity": "sha512-OB4/BFX8GtwHXUJuNucAX5nxkQnNUbIYiqO1nDt7GYWVOvXvgLp/H7xYi4EuqckgNjYKSp+9RQVcnhnfix355w==",
      "license": "Apache-2.0",
      "dependencies": {
        "@picovoice/web-utils": "=1.3.1"
      },
      "engines": {
        "node": ">=16"
      }
    },
    "node_modules/@picovoice/web-utils": {
      "version": "1.3.1",
      "resolved": "https://registry.npmjs.org/@picovoice/web-utils/-/web-utils-1.3.1.tgz",
      "integrity": "sha512-jcDqdULtTm+yJrnHDjg64hARup+Z4wNkYuXHNx6EM8+qZkweBq9UA6XJrHAlUkPnlkso4JWjaIKhz3x8vZcd3g==",
      "license": "Apache-2.0",
      "dependencies": {
        "commander": "^9.2.0"
      },
      "bin": {
        "pvbase64": "scripts/base64.js"
      }
    },
    "node_modules/@picovoice/web-voice-processor": {
      "version": "4.0.9",
      "resolved": "https://registry.npmjs.org/@picovoice/web-voice-processor/-/web-voice-processor-4.0.9.tgz",
      "integrity": "sha512-20pdkFjtuiojAdLIkNHXt4YgpRnlUePFW+gfkeCb+J+2XTRDGOI50+aJzL95p6QjDzGXsO7PZhlz7yDofOvZtg==",
      "license": "Apache-2.0",
      "dependencies": {
        "@picovoice/web-utils": "=1.3.1"
      }
    },
    "node_modules/commander": {
      "version": "9.5.0",
      "resolved": "https://registry.npmjs.org/commander/-/commander-9.5.0.tgz",
      "integrity": "sha512-KRs7WVDKg86PWiuAqhDrAQnTXZKraVcCc6vFdL14qrZ/DcWwuRo7VoiYXalXO7S5GKpqYiVEwCbgFDfxNHKJBQ==",
      "license": "MIT",
      "engines": {
        "node": "^12.20.0 || >=14"
      }
    },
    "node_modules/data-uri-to-buffer": {
      "version": "4.0.1",
      "resolved": "https://registry.npmjs.org/data-uri-to-buffer/-/data-uri-to-buffer-4.0.1.tgz",
      "integrity": "sha512-0R9ikRb668HB7QDxT1vkpuUBtqc53YyAwMwGeUFKRojY/NWKvdZ+9UYtRfGmhqNbRkTSVpMbmyhXipFFv2cb/A==",
      "license": "MIT",
      "engines": {
        "node": ">= 12"
      }
    },
    "node_modules/dotenv": {
      "version": "17.2.3",
      "resolved": "https://registry.npmjs.org/dotenv/-/dotenv-17.2.3.tgz",
      "integrity": "sha512-JVUnt+DUIzu87TABbhPmNfVdBDt18BLOWjMUFJMSi/Qqg7NTYtabbvSNJGOJ7afbRuv9D/lngizHtP7QyLQ+9w==",
      "license": "BSD-2-Clause",
      "engines": {
        "node": ">=12"
      },
      "funding": {
        "url": "https://dotenvx.com"
      }
    },
    "node_modules/fetch-blob": {
      "version": "3.2.0",
      "resolved": "https://registry.npmjs.org/fetch-blob/-/fetch-blob-3.2.0.tgz",
      "integrity": "sha512-7yAQpD2UMJzLi1Dqv7qFYnPbaPx7ZfFK6PiIxQ4PfkGPyNyl2Ugx+a/umUonmKqjhM4DnfbMvdX6otXq83soQQ==",
      "funding": [
        {
          "type": "github",
          "url": "https://github.com/sponsors/jimmywarting"
        },
        {
          "type": "paypal",
          "url": "https://paypal.me/jimmywarting"
        }
      ],
      "license": "MIT",
      "dependencies": {
        "node-domexception": "^1.0.0",
        "web-streams-polyfill": "^3.0.3"
      },
      "engines": {
        "node": "^12.20 || >= 14.13"
      }
    },
    "node_modules/formdata-polyfill": {
      "version": "4.0.10",
      "resolved": "https://registry.npmjs.org/formdata-polyfill/-/formdata-polyfill-4.0.10.tgz",
      "integrity": "sha512-buewHzMvYL29jdeQTVILecSaZKnt/RJWjoZCF5OW60Z67/GmSLBkOFM7qh1PI3zFNtJbaZL5eQu1vLfazOwj4g==",
      "license": "MIT",
      "dependencies": {
        "fetch-blob": "^3.1.2"
      },
      "engines": {
        "node": ">=12.20.0"
      }
    },
    "node_modules/node-domexception": {
      "version": "1.0.0",
      "resolved": "https://registry.npmjs.org/node-domexception/-/node-domexception-1.0.0.tgz",
      "integrity": "sha512-/jKZoMpw0F8GRwl4/eLROPA3cfcXtLApP0QzLmUT/HuPCZWyB7IY9ZrMeKw2O/nFIqPQB3PVM9aYm0F312AXDQ==",
      "deprecated": "Use your platform's native DOMException instead",
      "funding": [
        {
          "type": "github",
          "url": "https://github.com/sponsors/jimmywarting"
        },
        {
          "type": "github",
          "url": "https://paypal.me/jimmywarting"
        }
      ],
      "license": "MIT",
      "engines": {
        "node": ">=10.5.0"
      }
    },
    "node_modules/node-fetch": {
      "version": "3.3.2",
      "resolved": "https://registry.npmjs.org/node-fetch/-/node-fetch-3.3.2.tgz",
      "integrity": "sha512-dRB78srN/l6gqWulah9SrxeYnxeddIG30+GOqK/9OlLVyLg3HPnr6SqOWTWOXKRwC2eGYCkZ59NNuSgvSrpgOA==",
      "license": "MIT",
      "dependencies": {
        "data-uri-to-buffer": "^4.0.0",
        "fetch-blob": "^3.1.4",
        "formdata-polyfill": "^4.0.10"
      },
      "engines": {
        "node": "^12.20.0 || ^14.13.1 || >=16.0.0"
      },
      "funding": {
        "type": "opencollective",
        "url": "https://opencollective.com/node-fetch"
      }
    },
    "node_modules/web-streams-polyfill": {
      "version": "3.3.3",
      "resolved": "https://registry.npmjs.org/web-streams-polyfill/-/web-streams-polyfill-3.3.3.tgz",
      "integrity": "sha512-d2JWLCivmZYTSIoge9MsgFCZrt571BikcWGYkjC1khllbTeDlGqZ2D8vD8E/lJa8WGWbb7Plm8/XJYV7IJHZZw==",
      "license": "MIT",
      "engines": {
        "node": ">= 8"
      }
    }
  }
}
